
Microsoft Visual Studio Solution File, Format Version 12.00
# Visual Studio Version 17
VisualStudioVersion = 17.2.32516.85
MinimumVisualStudioVersion = 10.0.40219.1
Project("{9A19103F-16F7-4668-BE54-9A1E7A4F7556}") = "BlazorFullStackCrud.Server", "BlazorFullStackCrud\Server\BlazorFullStackCrud.Server.csproj", "{901C50E4-AA5A-47C3-8A3C-6A39D7E3FA32}"
EndProject
Project("{9A19103F-16F7-4668-BE54-9A1E7A4F7556}") = "BlazorFullStackCrud.Client", "BlazorFullStackCrud\Client\BlazorFullStackCrud.Client.csproj", "{994D100D-D109-458D-A815-AA9AE81029BF}"
EndProject
Project("{9A19103F-16F7-4668-BE54-9A1E7A4F7556}") = "BlazorFullStackCrud.Shared", "BlazorFullStackCrud\Shared\BlazorFullStackCrud.Shared.csproj", "{BCE15DA2-CE30-48C9-9D6A-4D513A460985}"
EndProject
Global
	GlobalSection(SolutionConfigurationPlatforms) = preSolution
		Debug|Any CPU = Debug|Any CPU
		Release|Any CPU = Release|Any CPU
	EndGlobalSection
	GlobalSection(ProjectConfigurationPlatforms) = postSolution
		{901C50E4-AA5A-47C3-8A3C-6A39D7E3FA32}.Debug|Any CPU.ActiveCfg = Debug|Any CPU
		{901C50E4-AA5A-47C3-8A3C-6A39D7E3FA32}.Debug|Any CPU.Build.0 = Debug|Any CPU
		{901C50E4-AA5A-47C3-8A3C-6A39D7E3FA32}.Release|Any CPU.ActiveCfg = Release|Any CPU
		{901C50E4-AA5A-47C3-8A3C-6A39D7E3FA32}.Release|Any CPU.Build.0 = Release|Any CPU
		{994D100D-D109-458D-A815-AA9AE81029BF}.Debug|Any CPU.ActiveCfg = Debug|Any CPU
		{994D100D-D109-458D-A815-AA9AE81029BF}.Debug|Any CPU.Build.0 = Debug|Any CPU
		{994D100D-D109-458D-A815-AA9AE81029BF}.Release|Any CPU.ActiveCfg = Release|Any CPU
		{994D100D-D109-458D-A815-AA9AE81029BF}.Release|Any CPU.Build.0 = Release|Any CPU
		{BCE15DA2-CE30-48C9-9D6A-4D513A460985}.Debug|Any CPU.ActiveCfg = Debug|Any CPU
		{BCE15DA2-CE30-48C9-9D6A-4D513A460985}.Debug|Any CPU.Build.0 = Debug|Any CPU
		{BCE15DA2-CE30-48C9-9D6A-4D513A460985}.Release|Any CPU.ActiveCfg = Release|Any CPU
		{BCE15DA2-CE30-48C9-9D6A-4D513A460985}.Release|Any CPU.Build.0 = Release|Any CPU
	EndGlobalSection
	GlobalSection(SolutionProperties) = preSolution
		HideSolutionNode = FALSE
	EndGlobalSection
	GlobalSection(ExtensibilityGlobals) = postSolution
		SolutionGuid = {C79EA790-E96E-452E-B6BE-DC83D921B22E}
	EndGlobalSection
EndGlobal
